{
  "name": "Portfolio",
  "lockfileVersion": 3,
  "requires": true,
  "packages": {
    "": {
      "dependencies": {
        "@angular/animations": "^15.2.5",
        "@fortawesome/fontawesome-svg-core": "^6.4.0",
        "@fortawesome/free-solid-svg-icons": "^6.4.0",
        "bootstrap": "^5.3.0-alpha2",
        "ngx-toastr": "^16.1.0"
      }
    },
    "node_modules/@angular/animations": {
      "version": "15.2.5",
      "resolved": "https://registry.npmjs.org/@angular/animations/-/animations-15.2.5.tgz",
      "integrity": "sha512-areHbwTrJNEYWe+1xND7SEI8fY7Pi2wckuLtbGonjtoaAc8MPs0ov56TnpXHS7bIXKVszqUlBTBAElQSdtjCyw==",
      "dependencies": {
        "tslib": "^2.3.0"
      },
      "engines": {
        "node": "^14.20.0 || ^16.13.0 || >=18.10.0"
      },
      "peerDependencies": {
        "@angular/core": "15.2.5"
      }
    },
    "node_modules/@angular/common": {
      "version": "15.2.5",
      "resolved": "https://registry.npmjs.org/@angular/common/-/common-15.2.5.tgz",
      "integrity": "sha512-6Wl1ak96NZvnL8p0eVsxHhaddv0/qYq2pQniKaKBfL9MVOQtAe07sPUDEZ6w0ApkmV63Giu4zFakaQMsmvxU0Q==",
      "peer": true,
      "dependencies": {
        "tslib": "^2.3.0"
      },
      "engines": {
        "node": "^14.20.0 || ^16.13.0 || >=18.10.0"
      },
      "peerDependencies": {
        "@angular/core": "15.2.5",
        "rxjs": "^6.5.3 || ^7.4.0"
      }
    },
    "node_modules/@angular/core": {
      "version": "15.2.5",
      "resolved": "https://registry.npmjs.org/@angular/core/-/core-15.2.5.tgz",
      "integrity": "sha512-GtmjJmwtzCuF4FDXIY+9UFMAcfPlJzJDBDF7mgEmD2YKf/HV5PSyU91lfv9yDPnAkdzlDAL9u4YxnGgoURY8/g==",
      "peer": true,
      "dependencies": {
        "tslib": "^2.3.0"
      },
      "engines": {
        "node": "^14.20.0 || ^16.13.0 || >=18.10.0"
      },
      "peerDependencies": {
        "rxjs": "^6.5.3 || ^7.4.0",
        "zone.js": "~0.11.4 || ~0.12.0 || ~0.13.0"
      }
    },
    "node_modules/@angular/platform-browser": {
      "version": "15.2.5",
      "resolved": "https://registry.npmjs.org/@angular/platform-browser/-/platform-browser-15.2.5.tgz",
      "integrity": "sha512-D19HL3UsvPX4s8yC4C4gphTNyQU75VuzcyGZ+6y1o1SQbVjF6UwSrztmb//4MCkpclb+avv669z5AEiTuBTnVQ==",
      "peer": true,
      "dependencies": {
        "tslib": "^2.3.0"
      },
      "engines": {
        "node": "^14.20.0 || ^16.13.0 || >=18.10.0"
      },
      "peerDependencies": {
        "@angular/animations": "15.2.5",
        "@angular/common": "15.2.5",
        "@angular/core": "15.2.5"
      },
      "peerDependenciesMeta": {
        "@angular/animations": {
          "optional": true
        }
      }
    },
    "node_modules/@fortawesome/fontawesome-common-types": {
      "version": "6.4.0",
      "resolved": "https://registry.npmjs.org/@fortawesome/fontawesome-common-types/-/fontawesome-common-types-6.4.0.tgz",
      "integrity": "sha512-HNii132xfomg5QVZw0HwXXpN22s7VBHQBv9CeOu9tfJnhsWQNd2lmTNi8CSrnw5B+5YOmzu1UoPAyxaXsJ6RgQ==",
      "hasInstallScript": true,
      "engines": {
        "node": ">=6"
      }
    },
    "node_modules/@fortawesome/fontawesome-svg-core": {
      "version": "6.4.0",
      "resolved": "https://registry.npmjs.org/@fortawesome/fontawesome-svg-core/-/fontawesome-svg-core-6.4.0.tgz",
      "integrity": "sha512-Bertv8xOiVELz5raB2FlXDPKt+m94MQ3JgDfsVbrqNpLU9+UE2E18GKjLKw+d3XbeYPqg1pzyQKGsrzbw+pPaw==",
      "hasInstallScript": true,
      "dependencies": {
        "@fortawesome/fontawesome-common-types": "6.4.0"
      },
      "engines": {
        "node": ">=6"
      }
    },
    "node_modules/@fortawesome/free-solid-svg-icons": {
      "version": "6.4.0",
      "resolved": "https://registry.npmjs.org/@fortawesome/free-solid-svg-icons/-/free-solid-svg-icons-6.4.0.tgz",
      "integrity": "sha512-kutPeRGWm8V5dltFP1zGjQOEAzaLZj4StdQhWVZnfGFCvAPVvHh8qk5bRrU4KXnRRRNni5tKQI9PBAdI6MP8nQ==",
      "hasInstallScript": true,
      "dependencies": {
        "@fortawesome/fontawesome-common-types": "6.4.0"
      },
      "engines": {
        "node": ">=6"
      }
    },
    "node_modules/@popperjs/core": {
      "version": "2.11.7",
      "resolved": "https://registry.npmjs.org/@popperjs/core/-/core-2.11.7.tgz",
      "integrity": "sha512-Cr4OjIkipTtcXKjAsm8agyleBuDHvxzeBoa1v543lbv1YaIwQjESsVcmjiWiPEbC1FIeHOG/Op9kdCmAmiS3Kw==",
      "peer": true,
      "funding": {
        "type": "opencollective",
        "url": "https://opencollective.com/popperjs"
      }
    },
    "node_modules/bootstrap": {
      "version": "5.3.0-alpha2",
      "resolved": "https://registry.npmjs.org/bootstrap/-/bootstrap-5.3.0-alpha2.tgz",
      "integrity": "sha512-r1ayh5d56rhwrezVjhM8bt8tiUcdQ8J9JeCwCTAeKSpOrCWH5V5S6XiJ26DqbX7o5QSH5HIKm7W88CKxVjhCVQ==",
      "funding": [
        {
          "type": "github",
          "url": "https://github.com/sponsors/twbs"
        },
        {
          "type": "opencollective",
          "url": "https://opencollective.com/bootstrap"
        }
      ],
      "peerDependencies": {
        "@popperjs/core": "^2.11.6"
      }
    },
    "node_modules/ngx-toastr": {
      "version": "16.1.0",
      "resolved": "https://registry.npmjs.org/ngx-toastr/-/ngx-toastr-16.1.0.tgz",
      "integrity": "sha512-jMnkauggRE8264vR4NtOgK3QI7zmufO3Z7wrkg3j7A7ZVpkCKDXgklsAZM9aiHxDyttM2K+Na6a6L004uPeRKA==",
      "dependencies": {
        "tslib": "^2.3.0"
      },
      "peerDependencies": {
        "@angular/common": ">=14.0.0-0",
        "@angular/core": ">=14.0.0-0",
        "@angular/platform-browser": ">=14.0.0-0"
      }
    },
    "node_modules/rxjs": {
      "version": "7.8.0",
      "resolved": "https://registry.npmjs.org/rxjs/-/rxjs-7.8.0.tgz",
      "integrity": "sha512-F2+gxDshqmIub1KdvZkaEfGDwLNpPvk9Fs6LD/MyQxNgMds/WH9OdDDXOmxUZpME+iSK3rQCctkL0DYyytUqMg==",
      "peer": true,
      "dependencies": {
        "tslib": "^2.1.0"
      }
    },
    "node_modules/tslib": {
      "version": "2.5.0",
      "resolved": "https://registry.npmjs.org/tslib/-/tslib-2.5.0.tgz",
      "integrity": "sha512-336iVw3rtn2BUK7ORdIAHTyxHGRIHVReokCR3XjbckJMK7ms8FysBfhLR8IXnAgy7T0PTPNBWKiH514FOW/WSg=="
    },
    "node_modules/zone.js": {
      "version": "0.13.0",
      "resolved": "https://registry.npmjs.org/zone.js/-/zone.js-0.13.0.tgz",
      "integrity": "sha512-7m3hNNyswsdoDobCkYNAy5WiUulkMd3+fWaGT9ij6iq3Zr/IwJo4RMCYPSDjT+r7tnPErmY9sZpKhWQ8S5k6XQ==",
      "peer": true,
      "dependencies": {
        "tslib": "^2.3.0"
      }
    }
  }
}
